// !$*UTF8*$!
{
	archiveVersion = 1;
	classes = {
	};
	objectVersion = 50;
	objects = {

/* Begin PBXBuildFile section */
		EE468CD525501AB0007A7941 /* AppDelegate.swift in Sources */ = {isa = PBXBuildFile; fileRef = EE468CD425501AB0007A7941 /* AppDelegate.swift */; };
		EE468CD725501AB0007A7941 /* SceneDelegate.swift in Sources */ = {isa = PBXBuildFile; fileRef = EE468CD625501AB0007A7941 /* SceneDelegate.swift */; };
		EE468CD925501AB0007A7941 /* CountriesListViewController.swift in Sources */ = {isa = PBXBuildFile; fileRef = EE468CD825501AB0007A7941 /* CountriesListViewController.swift */; };
		EE468CDC25501AB0007A7941 /* Main.storyboard in Resources */ = {isa = PBXBuildFile; fileRef = EE468CDA25501AB0007A7941 /* Main.storyboard */; };
		EE468CDE25501AB3007A7941 /* Assets.xcassets in Resources */ = {isa = PBXBuildFile; fileRef = EE468CDD25501AB3007A7941 /* Assets.xcassets */; };
		EE468CE125501AB3007A7941 /* LaunchScreen.storyboard in Resources */ = {isa = PBXBuildFile; fileRef = EE468CDF25501AB3007A7941 /* LaunchScreen.storyboard */; };
		EE468CFB25502ED0007A7941 /* BaseViewController.swift in Sources */ = {isa = PBXBuildFile; fileRef = EE468CFA25502ED0007A7941 /* BaseViewController.swift */; };
		EE468CFE25503069007A7941 /* ViewModel.swift in Sources */ = {isa = PBXBuildFile; fileRef = EE468CFD25503069007A7941 /* ViewModel.swift */; };
		EE468D01255030D9007A7941 /* KeyboardNotification.swift in Sources */ = {isa = PBXBuildFile; fileRef = EE468D00255030D9007A7941 /* KeyboardNotification.swift */; };
		EE468D252550665E007A7941 /* ConfigurableView.swift in Sources */ = {isa = PBXBuildFile; fileRef = EE468D242550665E007A7941 /* ConfigurableView.swift */; };
		EE468D292550682A007A7941 /* CountriesListViewModel.swift in Sources */ = {isa = PBXBuildFile; fileRef = EE468D282550682A007A7941 /* CountriesListViewModel.swift */; };
		EE468D3125508424007A7941 /* CountryTableViewCell.swift in Sources */ = {isa = PBXBuildFile; fileRef = EE468D2F25508424007A7941 /* CountryTableViewCell.swift */; };
		EE468D3225508424007A7941 /* CountryTableViewCell.xib in Resources */ = {isa = PBXBuildFile; fileRef = EE468D3025508424007A7941 /* CountryTableViewCell.xib */; };
		EE468D4425516D6D007A7941 /* CountryCellViewModel.swift in Sources */ = {isa = PBXBuildFile; fileRef = EE468D4325516D6D007A7941 /* CountryCellViewModel.swift */; };
		EE468D7A255179FF007A7941 /* UITableView+registerCell.swift in Sources */ = {isa = PBXBuildFile; fileRef = EE468D79255179FF007A7941 /* UITableView+registerCell.swift */; };
		EE468D8825519701007A7941 /* Country.swift in Sources */ = {isa = PBXBuildFile; fileRef = EE468D8725519701007A7941 /* Country.swift */; };
		EE468D8C2551974E007A7941 /* NetworkClient.swift in Sources */ = {isa = PBXBuildFile; fileRef = EE468D8B2551974E007A7941 /* NetworkClient.swift */; };
		EE468D8F2551977A007A7941 /* BaseNetworkService.swift in Sources */ = {isa = PBXBuildFile; fileRef = EE468D8E2551977A007A7941 /* BaseNetworkService.swift */; };
		EE468D92255197A2007A7941 /* CountryService.swift in Sources */ = {isa = PBXBuildFile; fileRef = EE468D91255197A2007A7941 /* CountryService.swift */; };
		EE468D952551A102007A7941 /* Location.swift in Sources */ = {isa = PBXBuildFile; fileRef = EE468D942551A102007A7941 /* Location.swift */; };
		EE468D992551B725007A7941 /* TextUtilities.swift in Sources */ = {isa = PBXBuildFile; fileRef = EE468D982551B725007A7941 /* TextUtilities.swift */; };
		EE468DA22554217F007A7941 /* CellViewModel.swift in Sources */ = {isa = PBXBuildFile; fileRef = EE468DA12554217F007A7941 /* CellViewModel.swift */; };
		EE468DA825544D59007A7941 /* CountryViewController.swift in Sources */ = {isa = PBXBuildFile; fileRef = EE468DA725544D58007A7941 /* CountryViewController.swift */; };
		EE468DAF25544F40007A7941 /* CountryViewModel.swift in Sources */ = {isa = PBXBuildFile; fileRef = EE468DAE25544F40007A7941 /* CountryViewModel.swift */; };
		EE468DBD25545579007A7941 /* CountriesListViewController.xib in Resources */ = {isa = PBXBuildFile; fileRef = EE468DBB25545579007A7941 /* CountriesListViewController.xib */; };
		EE468DC525545676007A7941 /* CountryViewController.xib in Resources */ = {isa = PBXBuildFile; fileRef = EE468DC325545676007A7941 /* CountryViewController.xib */; };
		EE468DCC25545B15007A7941 /* CountryInfoTableViewCell.swift in Sources */ = {isa = PBXBuildFile; fileRef = EE468DCA25545B15007A7941 /* CountryInfoTableViewCell.swift */; };
		EE468DCD25545B15007A7941 /* CountryInfoTableViewCell.xib in Resources */ = {isa = PBXBuildFile; fileRef = EE468DCB25545B15007A7941 /* CountryInfoTableViewCell.xib */; };
		EE468DD025545F5C007A7941 /* BaseCountryInfoCellViewModel.swift in Sources */ = {isa = PBXBuildFile; fileRef = EE468DCF25545F5B007A7941 /* BaseCountryInfoCellViewModel.swift */; };
		EE468DD325546007007A7941 /* PopulationInfoCellViewModel.swift in Sources */ = {isa = PBXBuildFile; fileRef = EE468DD225546007007A7941 /* PopulationInfoCellViewModel.swift */; };
		EE468DD725546061007A7941 /* AreaInfoCellViewModel.swift in Sources */ = {isa = PBXBuildFile; fileRef = EE468DD625546061007A7941 /* AreaInfoCellViewModel.swift */; };
/* End PBXBuildFile section */

/* Begin PBXFileReference section */
		EE468CD125501AB0007A7941 /* CountriesApp.app */ = {isa = PBXFileReference; explicitFileType = wrapper.application; includeInIndex = 0; path = CountriesApp.app; sourceTree = BUILT_PRODUCTS_DIR; };
		EE468CD425501AB0007A7941 /* AppDelegate.swift */ = {isa = PBXFileReference; lastKnownFileType = sourcecode.swift; path = AppDelegate.swift; sourceTree = "<group>"; };
		EE468CD625501AB0007A7941 /* SceneDelegate.swift */ = {isa = PBXFileReference; lastKnownFileType = sourcecode.swift; path = SceneDelegate.swift; sourceTree = "<group>"; };
		EE468CD825501AB0007A7941 /* CountriesListViewController.swift */ = {isa = PBXFileReference; lastKnownFileType = sourcecode.swift; path = CountriesListViewController.swift; sourceTree = "<group>"; };
		EE468CDB25501AB0007A7941 /* Base */ = {isa = PBXFileReference; lastKnownFileType = file.storyboard; name = Base; path = Base.lproj/Main.storyboard; sourceTree = "<group>"; };
		EE468CDD25501AB3007A7941 /* Assets.xcassets */ = {isa = PBXFileReference; lastKnownFileType = folder.assetcatalog; path = Assets.xcassets; sourceTree = "<group>"; };
		EE468CE025501AB3007A7941 /* Base */ = {isa = PBXFileReference; lastKnownFileType = file.storyboard; name = Base; path = Base.lproj/LaunchScreen.storyboard; sourceTree = "<group>"; };
		EE468CE225501AB3007A7941 /* Info.plist */ = {isa = PBXFileReference; lastKnownFileType = text.plist.xml; path = Info.plist; sourceTree = "<group>"; };
		EE468CFA25502ED0007A7941 /* BaseViewController.swift */ = {isa = PBXFileReference; lastKnownFileType = sourcecode.swift; path = BaseViewController.swift; sourceTree = "<group>"; };
		EE468CFD25503069007A7941 /* ViewModel.swift */ = {isa = PBXFileReference; lastKnownFileType = sourcecode.swift; path = ViewModel.swift; sourceTree = "<group>"; };
		EE468D00255030D9007A7941 /* KeyboardNotification.swift */ = {isa = PBXFileReference; lastKnownFileType = sourcecode.swift; path = KeyboardNotification.swift; sourceTree = "<group>"; };
		EE468D242550665E007A7941 /* ConfigurableView.swift */ = {isa = PBXFileReference; lastKnownFileType = sourcecode.swift; path = ConfigurableView.swift; sourceTree = "<group>"; };
		EE468D282550682A007A7941 /* CountriesListViewModel.swift */ = {isa = PBXFileReference; lastKnownFileType = sourcecode.swift; path = CountriesListViewModel.swift; sourceTree = "<group>"; };
		EE468D2F25508424007A7941 /* CountryTableViewCell.swift */ = {isa = PBXFileReference; lastKnownFileType = sourcecode.swift; path = CountryTableViewCell.swift; sourceTree = "<group>"; };
		EE468D3025508424007A7941 /* CountryTableViewCell.xib */ = {isa = PBXFileReference; lastKnownFileType = file.xib; path = CountryTableViewCell.xib; sourceTree = "<group>"; };
		EE468D4325516D6D007A7941 /* CountryCellViewModel.swift */ = {isa = PBXFileReference; lastKnownFileType = sourcecode.swift; path = CountryCellViewModel.swift; sourceTree = "<group>"; };
		EE468D79255179FF007A7941 /* UITableView+registerCell.swift */ = {isa = PBXFileReference; lastKnownFileType = sourcecode.swift; path = "UITableView+registerCell.swift"; sourceTree = "<group>"; };
		EE468D8725519701007A7941 /* Country.swift */ = {isa = PBXFileReference; lastKnownFileType = sourcecode.swift; path = Country.swift; sourceTree = "<group>"; };
		EE468D8B2551974E007A7941 /* NetworkClient.swift */ = {isa = PBXFileReference; lastKnownFileType = sourcecode.swift; path = NetworkClient.swift; sourceTree = "<group>"; };
		EE468D8E2551977A007A7941 /* BaseNetworkService.swift */ = {isa = PBXFileReference; lastKnownFileType = sourcecode.swift; path = BaseNetworkService.swift; sourceTree = "<group>"; };
		EE468D91255197A2007A7941 /* CountryService.swift */ = {isa = PBXFileReference; lastKnownFileType = sourcecode.swift; path = CountryService.swift; sourceTree = "<group>"; };
		EE468D942551A102007A7941 /* Location.swift */ = {isa = PBXFileReference; lastKnownFileType = sourcecode.swift; path = Location.swift; sourceTree = "<group>"; };
		EE468D982551B725007A7941 /* TextUtilities.swift */ = {isa = PBXFileReference; lastKnownFileType = sourcecode.swift; path = TextUtilities.swift; sourceTree = "<group>"; };
		EE468DA12554217F007A7941 /* CellViewModel.swift */ = {isa = PBXFileReference; lastKnownFileType = sourcecode.swift; path = CellViewModel.swift; sourceTree = "<group>"; };
		EE468DA725544D58007A7941 /* CountryViewController.swift */ = {isa = PBXFileReference; lastKnownFileType = sourcecode.swift; path = CountryViewController.swift; sourceTree = "<group>"; };
		EE468DAE25544F40007A7941 /* CountryViewModel.swift */ = {isa = PBXFileReference; lastKnownFileType = sourcecode.swift; path = CountryViewModel.swift; sourceTree = "<group>"; };
		EE468DBB25545579007A7941 /* CountriesListViewController.xib */ = {isa = PBXFileReference; lastKnownFileType = file.xib; path = CountriesListViewController.xib; sourceTree = "<group>"; };
		EE468DC325545676007A7941 /* CountryViewController.xib */ = {isa = PBXFileReference; lastKnownFileType = file.xib; path = CountryViewController.xib; sourceTree = "<group>"; };
		EE468DCA25545B15007A7941 /* CountryInfoTableViewCell.swift */ = {isa = PBXFileReference; lastKnownFileType = sourcecode.swift; path = CountryInfoTableViewCell.swift; sourceTree = "<group>"; };
		EE468DCB25545B15007A7941 /* CountryInfoTableViewCell.xib */ = {isa = PBXFileReference; lastKnownFileType = file.xib; path = CountryInfoTableViewCell.xib; sourceTree = "<group>"; };
		EE468DCF25545F5B007A7941 /* BaseCountryInfoCellViewModel.swift */ = {isa = PBXFileReference; lastKnownFileType = sourcecode.swift; path = BaseCountryInfoCellViewModel.swift; sourceTree = "<group>"; };
		EE468DD225546007007A7941 /* PopulationInfoCellViewModel.swift */ = {isa = PBXFileReference; lastKnownFileType = sourcecode.swift; path = PopulationInfoCellViewModel.swift; sourceTree = "<group>"; };
		EE468DD625546061007A7941 /* AreaInfoCellViewModel.swift */ = {isa = PBXFileReference; lastKnownFileType = sourcecode.swift; path = AreaInfoCellViewModel.swift; sourceTree = "<group>"; };
/* End PBXFileReference section */

/* Begin PBXFrameworksBuildPhase section */
		EE468CCE25501AB0007A7941 /* Frameworks */ = {
			isa = PBXFrameworksBuildPhase;
			buildActionMask = 2147483647;
			files = (
			);
			runOnlyForDeploymentPostprocessing = 0;
		};
/* End PBXFrameworksBuildPhase section */

/* Begin PBXGroup section */
		EE468CC825501AB0007A7941 = {
			isa = PBXGroup;
			children = (
				EE468CD325501AB0007A7941 /* CountriesApp */,
				EE468CD225501AB0007A7941 /* Products */,
			);
			sourceTree = "<group>";
		};
		EE468CD225501AB0007A7941 /* Products */ = {
			isa = PBXGroup;
			children = (
				EE468CD125501AB0007A7941 /* CountriesApp.app */,
			);
			name = Products;
			sourceTree = "<group>";
		};
		EE468CD325501AB0007A7941 /* CountriesApp */ = {
			isa = PBXGroup;
			children = (
				EE468D1D25504133007A7941 /* CountriesListViewController */,
				EE468DA425544C8E007A7941 /* CountryViewController */,
				EE468D8425519645007A7941 /* Services */,
				EE468D86255196EC007A7941 /* Models */,
				EE468CF525502E7F007A7941 /* Helpers */,
				EE468D132550397E007A7941 /* Extensions */,
				EE468D8125519367007A7941 /* Support */,
			);
			path = CountriesApp;
			sourceTree = "<group>";
		};
		EE468CF525502E7F007A7941 /* Helpers */ = {
			isa = PBXGroup;
			children = (
				EE468CFA25502ED0007A7941 /* BaseViewController.swift */,
				EE468CFD25503069007A7941 /* ViewModel.swift */,
				EE468D00255030D9007A7941 /* KeyboardNotification.swift */,
				EE468D242550665E007A7941 /* ConfigurableView.swift */,
				EE468D982551B725007A7941 /* TextUtilities.swift */,
				EE468DA12554217F007A7941 /* CellViewModel.swift */,
			);
			path = Helpers;
			sourceTree = "<group>";
		};
		EE468D132550397E007A7941 /* Extensions */ = {
			isa = PBXGroup;
			children = (
				EE468D79255179FF007A7941 /* UITableView+registerCell.swift */,
			);
			path = Extensions;
			sourceTree = "<group>";
		};
		EE468D1D25504133007A7941 /* CountriesListViewController */ = {
			isa = PBXGroup;
			children = (
				EE468D4225516C48007A7941 /* View */,
				EE468D4125516C39007A7941 /* ViewModel */,
				EE468D3425508437007A7941 /* Cell */,
			);
			path = CountriesListViewController;
			sourceTree = "<group>";
		};
		EE468D3425508437007A7941 /* Cell */ = {
			isa = PBXGroup;
			children = (
				EE468D3D25516B81007A7941 /* ViewModel */,
				EE468D3C25516B77007A7941 /* View */,
			);
			path = Cell;
			sourceTree = "<group>";
		};
		EE468D3C25516B77007A7941 /* View */ = {
			isa = PBXGroup;
			children = (
				EE468D2F25508424007A7941 /* CountryTableViewCell.swift */,
				EE468D3025508424007A7941 /* CountryTableViewCell.xib */,
			);
			path = View;
			sourceTree = "<group>";
		};
		EE468D3D25516B81007A7941 /* ViewModel */ = {
			isa = PBXGroup;
			children = (
				EE468D4325516D6D007A7941 /* CountryCellViewModel.swift */,
			);
			path = ViewModel;
			sourceTree = "<group>";
		};
		EE468D4125516C39007A7941 /* ViewModel */ = {
			isa = PBXGroup;
			children = (
				EE468D282550682A007A7941 /* CountriesListViewModel.swift */,
			);
			path = ViewModel;
			sourceTree = "<group>";
		};
		EE468D4225516C48007A7941 /* View */ = {
			isa = PBXGroup;
			children = (
				EE468CD825501AB0007A7941 /* CountriesListViewController.swift */,
				EE468DBB25545579007A7941 /* CountriesListViewController.xib */,
			);
			path = View;
			sourceTree = "<group>";
		};
		EE468D8125519367007A7941 /* Support */ = {
			isa = PBXGroup;
			children = (
				EE468CD425501AB0007A7941 /* AppDelegate.swift */,
				EE468CD625501AB0007A7941 /* SceneDelegate.swift */,
				EE468CDA25501AB0007A7941 /* Main.storyboard */,
				EE468CDD25501AB3007A7941 /* Assets.xcassets */,
				EE468CDF25501AB3007A7941 /* LaunchScreen.storyboard */,
				EE468CE225501AB3007A7941 /* Info.plist */,
			);
			path = Support;
			sourceTree = "<group>";
		};
		EE468D8425519645007A7941 /* Services */ = {
			isa = PBXGroup;
			children = (
				EE468D852551964C007A7941 /* Network */,
				EE468D91255197A2007A7941 /* CountryService.swift */,
			);
			path = Services;
			sourceTree = "<group>";
		};
		EE468D852551964C007A7941 /* Network */ = {
			isa = PBXGroup;
			children = (
				EE468D8B2551974E007A7941 /* NetworkClient.swift */,
				EE468D8E2551977A007A7941 /* BaseNetworkService.swift */,
			);
			path = Network;
			sourceTree = "<group>";
		};
		EE468D86255196EC007A7941 /* Models */ = {
			isa = PBXGroup;
			children = (
				EE468D8725519701007A7941 /* Country.swift */,
				EE468D942551A102007A7941 /* Location.swift */,
			);
			path = Models;
			sourceTree = "<group>";
		};
		EE468DA425544C8E007A7941 /* CountryViewController */ = {
			isa = PBXGroup;
			children = (
				EE468DAB25544D62007A7941 /* View */,
				EE468DAD25544F19007A7941 /* ViewModel */,
				EE468DB225544F55007A7941 /* Cells */,
			);
			path = CountryViewController;
			sourceTree = "<group>";
		};
		EE468DAB25544D62007A7941 /* View */ = {
			isa = PBXGroup;
			children = (
				EE468DA725544D58007A7941 /* CountryViewController.swift */,
				EE468DC325545676007A7941 /* CountryViewController.xib */,
			);
			path = View;
			sourceTree = "<group>";
		};
		EE468DAD25544F19007A7941 /* ViewModel */ = {
			isa = PBXGroup;
			children = (
				EE468DAE25544F40007A7941 /* CountryViewModel.swift */,
			);
			path = ViewModel;
			sourceTree = "<group>";
		};
		EE468DB225544F55007A7941 /* Cells */ = {
			isa = PBXGroup;
			children = (
				EE468DB7255452BB007A7941 /* View */,
				EE468DB6255452A8007A7941 /* ViewModels */,
			);
			path = Cells;
			sourceTree = "<group>";
		};
		EE468DB6255452A8007A7941 /* ViewModels */ = {
			isa = PBXGroup;
			children = (
				EE468DCF25545F5B007A7941 /* BaseCountryInfoCellViewModel.swift */,
				EE468DD225546007007A7941 /* PopulationInfoCellViewModel.swift */,
				EE468DD625546061007A7941 /* AreaInfoCellViewModel.swift */,
			);
			path = ViewModels;
			sourceTree = "<group>";
		};
		EE468DB7255452BB007A7941 /* View */ = {
			isa = PBXGroup;
			children = (
				EE468DCA25545B15007A7941 /* CountryInfoTableViewCell.swift */,
				EE468DCB25545B15007A7941 /* CountryInfoTableViewCell.xib */,
			);
			path = View;
			sourceTree = "<group>";
		};
/* End PBXGroup section */

/* Begin PBXNativeTarget section */
		EE468CD025501AB0007A7941 /* CountriesApp */ = {
			isa = PBXNativeTarget;
			buildConfigurationList = EE468CE525501AB3007A7941 /* Build configuration list for PBXNativeTarget "CountriesApp" */;
			buildPhases = (
				EE468CCD25501AB0007A7941 /* Sources */,
				EE468CCE25501AB0007A7941 /* Frameworks */,
				EE468CCF25501AB0007A7941 /* Resources */,
			);
			buildRules = (
			);
			dependencies = (
			);
			name = CountriesApp;
			productName = CountriesApp;
			productReference = EE468CD125501AB0007A7941 /* CountriesApp.app */;
			productType = "com.apple.product-type.application";
		};
/* End PBXNativeTarget section */

/* Begin PBXProject section */
		EE468CC925501AB0007A7941 /* Project object */ = {
			isa = PBXProject;
			attributes = {
				LastSwiftUpdateCheck = 1210;
				LastUpgradeCheck = 1210;
				TargetAttributes = {
					EE468CD025501AB0007A7941 = {
						CreatedOnToolsVersion = 12.1;
					};
				};
			};
			buildConfigurationList = EE468CCC25501AB0007A7941 /* Build configuration list for PBXProject "CountriesApp" */;
			compatibilityVersion = "Xcode 9.3";
			developmentRegion = en;
			hasScannedForEncodings = 0;
			knownRegions = (
				en,
				Base,
			);
			mainGroup = EE468CC825501AB0007A7941;
			productRefGroup = EE468CD225501AB0007A7941 /* Products */;
			projectDirPath = "";
			projectRoot = "";
			targets = (
				EE468CD025501AB0007A7941 /* CountriesApp */,
			);
		};
/* End PBXProject section */

/* Begin PBXResourcesBuildPhase section */
		EE468CCF25501AB0007A7941 /* Resources */ = {
			isa = PBXResourcesBuildPhase;
			buildActionMask = 2147483647;
			files = (
				EE468D3225508424007A7941 /* CountryTableViewCell.xib in Resources */,
				EE468CE125501AB3007A7941 /* LaunchScreen.storyboard in Resources */,
				EE468DCD25545B15007A7941 /* CountryInfoTableViewCell.xib in Resources */,
				EE468CDE25501AB3007A7941 /* Assets.xcassets in Resources */,
				EE468CDC25501AB0007A7941 /* Main.storyboard in Resources */,
				EE468DBD25545579007A7941 /* CountriesListViewController.xib in Resources */,
				EE468DC525545676007A7941 /* CountryViewController.xib in Resources */,
			);
			runOnlyForDeploymentPostprocessing = 0;
		};
/* End PBXResourcesBuildPhase section */

/* Begin PBXSourcesBuildPhase section */
		EE468CCD25501AB0007A7941 /* Sources */ = {
			isa = PBXSourcesBuildPhase;
			buildActionMask = 2147483647;
			files = (
				EE468D01255030D9007A7941 /* KeyboardNotification.swift in Sources */,
				EE468D8F2551977A007A7941 /* BaseNetworkService.swift in Sources */,
				EE468CD925501AB0007A7941 /* CountriesListViewController.swift in Sources */,
				EE468D92255197A2007A7941 /* CountryService.swift in Sources */,
				EE468DA22554217F007A7941 /* CellViewModel.swift in Sources */,
				EE468D952551A102007A7941 /* Location.swift in Sources */,
				EE468DD025545F5C007A7941 /* BaseCountryInfoCellViewModel.swift in Sources */,
				EE468D992551B725007A7941 /* TextUtilities.swift in Sources */,
				EE468D252550665E007A7941 /* ConfigurableView.swift in Sources */,
				EE468DCC25545B15007A7941 /* CountryInfoTableViewCell.swift in Sources */,
				EE468DD325546007007A7941 /* PopulationInfoCellViewModel.swift in Sources */,
				EE468DD725546061007A7941 /* AreaInfoCellViewModel.swift in Sources */,
				EE468D8825519701007A7941 /* Country.swift in Sources */,
				EE468DAF25544F40007A7941 /* CountryViewModel.swift in Sources */,
				EE468CD525501AB0007A7941 /* AppDelegate.swift in Sources */,
				EE468D4425516D6D007A7941 /* CountryCellViewModel.swift in Sources */,
				EE468D3125508424007A7941 /* CountryTableViewCell.swift in Sources */,
				EE468D292550682A007A7941 /* CountriesListViewModel.swift in Sources */,
				EE468CFB25502ED0007A7941 /* BaseViewController.swift in Sources */,
				EE468DA825544D59007A7941 /* CountryViewController.swift in Sources */,
				EE468CFE25503069007A7941 /* ViewModel.swift in Sources */,
				EE468D8C2551974E007A7941 /* NetworkClient.swift in Sources */,
				EE468D7A255179FF007A7941 /* UITableView+registerCell.swift in Sources */,
				EE468CD725501AB0007A7941 /* SceneDelegate.swift in Sources */,
			);
			runOnlyForDeploymentPostprocessing = 0;
		};
/* End PBXSourcesBuildPhase section */

/* Begin PBXVariantGroup section */
		EE468CDA25501AB0007A7941 /* Main.storyboard */ = {
			isa = PBXVariantGroup;
			children = (
				EE468CDB25501AB0007A7941 /* Base */,
			);
			name = Main.storyboard;
			sourceTree = "<group>";
		};
		EE468CDF25501AB3007A7941 /* LaunchScreen.storyboard */ = {
			isa = PBXVariantGroup;
			children = (
				EE468CE025501AB3007A7941 /* Base */,
			);
			name = LaunchScreen.storyboard;
			sourceTree = "<group>";
		};
/* End PBXVariantGroup section */

/* Begin XCBuildConfiguration section */
		EE468CE325501AB3007A7941 /* Debug */ = {
			isa = XCBuildConfiguration;
			buildSettings = {
				ALWAYS_SEARCH_USER_PATHS = NO;
				CLANG_ANALYZER_NONNULL = YES;
				CLANG_ANALYZER_NUMBER_OBJECT_CONVERSION = YES_AGGRESSIVE;
				CLANG_CXX_LANGUAGE_STANDARD = "gnu++14";
				CLANG_CXX_LIBRARY = "libc++";
				CLANG_ENABLE_MODULES = YES;
				CLANG_ENABLE_OBJC_ARC = YES;
				CLANG_ENABLE_OBJC_WEAK = YES;
				CLANG_WARN_BLOCK_CAPTURE_AUTORELEASING = YES;
				CLANG_WARN_BOOL_CONVERSION = YES;
				CLANG_WARN_COMMA = YES;
				CLANG_WARN_CONSTANT_CONVERSION = YES;
				CLANG_WARN_DEPRECATED_OBJC_IMPLEMENTATIONS = YES;
				CLANG_WARN_DIRECT_OBJC_ISA_USAGE = YES_ERROR;
				CLANG_WARN_DOCUMENTATION_COMMENTS = YES;
				CLANG_WARN_EMPTY_BODY = YES;
				CLANG_WARN_ENUM_CONVERSION = YES;
				CLANG_WARN_INFINITE_RECURSION = YES;
				CLANG_WARN_INT_CONVERSION = YES;
				CLANG_WARN_NON_LITERAL_NULL_CONVERSION = YES;
				CLANG_WARN_OBJC_IMPLICIT_RETAIN_SELF = YES;
				CLANG_WARN_OBJC_LITERAL_CONVERSION = YES;
				CLANG_WARN_OBJC_ROOT_CLASS = YES_ERROR;
				CLANG_WARN_QUOTED_INCLUDE_IN_FRAMEWORK_HEADER = YES;
				CLANG_WARN_RANGE_LOOP_ANALYSIS = YES;
				CLANG_WARN_STRICT_PROTOTYPES = YES;
				CLANG_WARN_SUSPICIOUS_MOVE = YES;
				CLANG_WARN_UNGUARDED_AVAILABILITY = YES_AGGRESSIVE;
				CLANG_WARN_UNREACHABLE_CODE = YES;
				CLANG_WARN__DUPLICATE_METHOD_MATCH = YES;
				COPY_PHASE_STRIP = NO;
				DEBUG_INFORMATION_FORMAT = dwarf;
				ENABLE_STRICT_OBJC_MSGSEND = YES;
				ENABLE_TESTABILITY = YES;
				GCC_C_LANGUAGE_STANDARD = gnu11;
				GCC_DYNAMIC_NO_PIC = NO;
				GCC_NO_COMMON_BLOCKS = YES;
				GCC_OPTIMIZATION_LEVEL = 0;
				GCC_PREPROCESSOR_DEFINITIONS = (
					"DEBUG=1",
					"$(inherited)",
				);
				GCC_WARN_64_TO_32_BIT_CONVERSION = YES;
				GCC_WARN_ABOUT_RETURN_TYPE = YES_ERROR;
				GCC_WARN_UNDECLARED_SELECTOR = YES;
				GCC_WARN_UNINITIALIZED_AUTOS = YES_AGGRESSIVE;
				GCC_WARN_UNUSED_FUNCTION = YES;
				GCC_WARN_UNUSED_VARIABLE = YES;
				IPHONEOS_DEPLOYMENT_TARGET = 14.1;
				MTL_ENABLE_DEBUG_INFO = INCLUDE_SOURCE;
				MTL_FAST_MATH = YES;
				ONLY_ACTIVE_ARCH = YES;
				SDKROOT = iphoneos;
				SWIFT_ACTIVE_COMPILATION_CONDITIONS = DEBUG;
				SWIFT_OPTIMIZATION_LEVEL = "-Onone";
			};
			name = Debug;
		};
		EE468CE425501AB3007A7941 /* Release */ = {
			isa = XCBuildConfiguration;
			buildSettings = {
				ALWAYS_SEARCH_USER_PATHS = NO;
				CLANG_ANALYZER_NONNULL = YES;
				CLANG_ANALYZER_NUMBER_OBJECT_CONVERSION = YES_AGGRESSIVE;
				CLANG_CXX_LANGUAGE_STANDARD = "gnu++14";
				CLANG_CXX_LIBRARY = "libc++";
				CLANG_ENABLE_MODULES = YES;
				CLANG_ENABLE_OBJC_ARC = YES;
				CLANG_ENABLE_OBJC_WEAK = YES;
				CLANG_WARN_BLOCK_CAPTURE_AUTORELEASING = YES;
				CLANG_WARN_BOOL_CONVERSION = YES;
				CLANG_WARN_COMMA = YES;
				CLANG_WARN_CONSTANT_CONVERSION = YES;
				CLANG_WARN_DEPRECATED_OBJC_IMPLEMENTATIONS = YES;
				CLANG_WARN_DIRECT_OBJC_ISA_USAGE = YES_ERROR;
				CLANG_WARN_DOCUMENTATION_COMMENTS = YES;
				CLANG_WARN_EMPTY_BODY = YES;
				CLANG_WARN_ENUM_CONVERSION = YES;
				CLANG_WARN_INFINITE_RECURSION = YES;
				CLANG_WARN_INT_CONVERSION = YES;
				CLANG_WARN_NON_LITERAL_NULL_CONVERSION = YES;
				CLANG_WARN_OBJC_IMPLICIT_RETAIN_SELF = YES;
				CLANG_WARN_OBJC_LITERAL_CONVERSION = YES;
				CLANG_WARN_OBJC_ROOT_CLASS = YES_ERROR;
				CLANG_WARN_QUOTED_INCLUDE_IN_FRAMEWORK_HEADER = YES;
				CLANG_WARN_RANGE_LOOP_ANALYSIS = YES;
				CLANG_WARN_STRICT_PROTOTYPES = YES;
				CLANG_WARN_SUSPICIOUS_MOVE = YES;
				CLANG_WARN_UNGUARDED_AVAILABILITY = YES_AGGRESSIVE;
				CLANG_WARN_UNREACHABLE_CODE = YES;
				CLANG_WARN__DUPLICATE_METHOD_MATCH = YES;
				COPY_PHASE_STRIP = NO;
				DEBUG_INFORMATION_FORMAT = "dwarf-with-dsym";
				ENABLE_NS_ASSERTIONS = NO;
				ENABLE_STRICT_OBJC_MSGSEND = YES;
				GCC_C_LANGUAGE_STANDARD = gnu11;
				GCC_NO_COMMON_BLOCKS = YES;
				GCC_WARN_64_TO_32_BIT_CONVERSION = YES;
				GCC_WARN_ABOUT_RETURN_TYPE = YES_ERROR;
				GCC_WARN_UNDECLARED_SELECTOR = YES;
				GCC_WARN_UNINITIALIZED_AUTOS = YES_AGGRESSIVE;
				GCC_WARN_UNUSED_FUNCTION = YES;
				GCC_WARN_UNUSED_VARIABLE = YES;
				IPHONEOS_DEPLOYMENT_TARGET = 14.1;
				MTL_ENABLE_DEBUG_INFO = NO;
				MTL_FAST_MATH = YES;
				SDKROOT = iphoneos;
				SWIFT_COMPILATION_MODE = wholemodule;
				SWIFT_OPTIMIZATION_LEVEL = "-O";
				VALIDATE_PRODUCT = YES;
			};
			name = Release;
		};
		EE468CE625501AB3007A7941 /* Debug */ = {
			isa = XCBuildConfiguration;
			buildSettings = {
				ASSETCATALOG_COMPILER_APPICON_NAME = AppIcon;
				ASSETCATALOG_COMPILER_GLOBAL_ACCENT_COLOR_NAME = AccentColor;
				CODE_SIGN_STYLE = Automatic;
				DEVELOPMENT_TEAM = 9DT65SS5ZB;
				INFOPLIST_FILE = CountriesApp/Support/Info.plist;
				IPHONEOS_DEPLOYMENT_TARGET = 13.0;
				LD_RUNPATH_SEARCH_PATHS = (
					"$(inherited)",
					"@executable_path/Frameworks",
				);
				PRODUCT_BUNDLE_IDENTIFIER = com.ArtemEmelianov.CountriesApp;
				PRODUCT_NAME = "$(TARGET_NAME)";
				SWIFT_VERSION = 5.0;
				TARGETED_DEVICE_FAMILY = 1;
			};
			name = Debug;
		};
		EE468CE725501AB3007A7941 /* Release */ = {
			isa = XCBuildConfiguration;
			buildSettings = {
				ASSETCATALOG_COMPILER_APPICON_NAME = AppIcon;
				ASSETCATALOG_COMPILER_GLOBAL_ACCENT_COLOR_NAME = AccentColor;
				CODE_SIGN_STYLE = Automatic;
				DEVELOPMENT_TEAM = 9DT65SS5ZB;
				INFOPLIST_FILE = CountriesApp/Support/Info.plist;
				IPHONEOS_DEPLOYMENT_TARGET = 13.0;
				LD_RUNPATH_SEARCH_PATHS = (
					"$(inherited)",
					"@executable_path/Frameworks",
				);
				PRODUCT_BUNDLE_IDENTIFIER = com.ArtemEmelianov.CountriesApp;
				PRODUCT_NAME = "$(TARGET_NAME)";
				SWIFT_VERSION = 5.0;
				TARGETED_DEVICE_FAMILY = 1;
			};
			name = Release;
		};
/* End XCBuildConfiguration section */

/* Begin XCConfigurationList section */
		EE468CCC25501AB0007A7941 /* Build configuration list for PBXProject "CountriesApp" */ = {
			isa = XCConfigurationList;
			buildConfigurations = (
				EE468CE325501AB3007A7941 /* Debug */,
				EE468CE425501AB3007A7941 /* Release */,
			);
			defaultConfigurationIsVisible = 0;
			defaultConfigurationName = Release;
		};
		EE468CE525501AB3007A7941 /* Build configuration list for PBXNativeTarget "CountriesApp" */ = {
			isa = XCConfigurationList;
			buildConfigurations = (
				EE468CE625501AB3007A7941 /* Debug */,
				EE468CE725501AB3007A7941 /* Release */,
			);
			defaultConfigurationIsVisible = 0;
			defaultConfigurationName = Release;
		};
/* End XCConfigurationList section */
	};
	rootObject = EE468CC925501AB0007A7941 /* Project object */;
}
