// !$*UTF8*$!
{
	archiveVersion = 1;
	classes = {
	};
	objectVersion = 51;
	objects = {

/* Begin PBXBuildFile section */
		EE284D19255E99E1008BB1D7 /* FavouriteCountryService.swift in Sources */ = {isa = PBXBuildFile; fileRef = EE284D18255E99E1008BB1D7 /* FavouriteCountryService.swift */; };
		EE468CD525501AB0007A7941 /* AppDelegate.swift in Sources */ = {isa = PBXBuildFile; fileRef = EE468CD425501AB0007A7941 /* AppDelegate.swift */; };
		EE468CD725501AB0007A7941 /* SceneDelegate.swift in Sources */ = {isa = PBXBuildFile; fileRef = EE468CD625501AB0007A7941 /* SceneDelegate.swift */; };
		EE468CD925501AB0007A7941 /* CountriesListViewController.swift in Sources */ = {isa = PBXBuildFile; fileRef = EE468CD825501AB0007A7941 /* CountriesListViewController.swift */; };
		EE468CDC25501AB0007A7941 /* Main.storyboard in Resources */ = {isa = PBXBuildFile; fileRef = EE468CDA25501AB0007A7941 /* Main.storyboard */; };
		EE468CE125501AB3007A7941 /* LaunchScreen.storyboard in Resources */ = {isa = PBXBuildFile; fileRef = EE468CDF25501AB3007A7941 /* LaunchScreen.storyboard */; };
		EE468CFB25502ED0007A7941 /* BaseViewController.swift in Sources */ = {isa = PBXBuildFile; fileRef = EE468CFA25502ED0007A7941 /* BaseViewController.swift */; };
		EE468CFE25503069007A7941 /* ViewModel.swift in Sources */ = {isa = PBXBuildFile; fileRef = EE468CFD25503069007A7941 /* ViewModel.swift */; };
		EE468D01255030D9007A7941 /* KeyboardNotification.swift in Sources */ = {isa = PBXBuildFile; fileRef = EE468D00255030D9007A7941 /* KeyboardNotification.swift */; };
		EE468D252550665E007A7941 /* ConfigurableView.swift in Sources */ = {isa = PBXBuildFile; fileRef = EE468D242550665E007A7941 /* ConfigurableView.swift */; };
		EE468D292550682A007A7941 /* CountriesListViewModel.swift in Sources */ = {isa = PBXBuildFile; fileRef = EE468D282550682A007A7941 /* CountriesListViewModel.swift */; };
		EE468D3125508424007A7941 /* CountryTableViewCell.swift in Sources */ = {isa = PBXBuildFile; fileRef = EE468D2F25508424007A7941 /* CountryTableViewCell.swift */; };
		EE468D3225508424007A7941 /* CountryTableViewCell.xib in Resources */ = {isa = PBXBuildFile; fileRef = EE468D3025508424007A7941 /* CountryTableViewCell.xib */; };
		EE468D4425516D6D007A7941 /* CountryCellViewModel.swift in Sources */ = {isa = PBXBuildFile; fileRef = EE468D4325516D6D007A7941 /* CountryCellViewModel.swift */; };
		EE468D7A255179FF007A7941 /* UITableView+registerCell.swift in Sources */ = {isa = PBXBuildFile; fileRef = EE468D79255179FF007A7941 /* UITableView+registerCell.swift */; };
		EE468D8825519701007A7941 /* Country.swift in Sources */ = {isa = PBXBuildFile; fileRef = EE468D8725519701007A7941 /* Country.swift */; };
		EE468D92255197A2007A7941 /* CountryService.swift in Sources */ = {isa = PBXBuildFile; fileRef = EE468D91255197A2007A7941 /* CountryService.swift */; };
		EE468D952551A102007A7941 /* Location.swift in Sources */ = {isa = PBXBuildFile; fileRef = EE468D942551A102007A7941 /* Location.swift */; };
		EE468D992551B725007A7941 /* TextUtilities.swift in Sources */ = {isa = PBXBuildFile; fileRef = EE468D982551B725007A7941 /* TextUtilities.swift */; };
		EE468DA22554217F007A7941 /* CellViewModel.swift in Sources */ = {isa = PBXBuildFile; fileRef = EE468DA12554217F007A7941 /* CellViewModel.swift */; };
		EE468DA825544D59007A7941 /* CountryViewController.swift in Sources */ = {isa = PBXBuildFile; fileRef = EE468DA725544D58007A7941 /* CountryViewController.swift */; };
		EE468DAF25544F40007A7941 /* CountryViewModel.swift in Sources */ = {isa = PBXBuildFile; fileRef = EE468DAE25544F40007A7941 /* CountryViewModel.swift */; };
		EE468DBD25545579007A7941 /* CountriesListViewController.xib in Resources */ = {isa = PBXBuildFile; fileRef = EE468DBB25545579007A7941 /* CountriesListViewController.xib */; };
		EE468DC525545676007A7941 /* CountryViewController.xib in Resources */ = {isa = PBXBuildFile; fileRef = EE468DC325545676007A7941 /* CountryViewController.xib */; };
		EE468DCC25545B15007A7941 /* CountryInfoTableViewCell.swift in Sources */ = {isa = PBXBuildFile; fileRef = EE468DCA25545B15007A7941 /* CountryInfoTableViewCell.swift */; };
		EE468DCD25545B15007A7941 /* CountryInfoTableViewCell.xib in Resources */ = {isa = PBXBuildFile; fileRef = EE468DCB25545B15007A7941 /* CountryInfoTableViewCell.xib */; };
		EE468DD025545F5C007A7941 /* BaseCountryInfoCellViewModel.swift in Sources */ = {isa = PBXBuildFile; fileRef = EE468DCF25545F5B007A7941 /* BaseCountryInfoCellViewModel.swift */; };
		EE468DD325546007007A7941 /* PopulationInfoCellViewModel.swift in Sources */ = {isa = PBXBuildFile; fileRef = EE468DD225546007007A7941 /* PopulationInfoCellViewModel.swift */; };
		EE468DD725546061007A7941 /* AreaInfoCellViewModel.swift in Sources */ = {isa = PBXBuildFile; fileRef = EE468DD625546061007A7941 /* AreaInfoCellViewModel.swift */; };
		EE5F49E22556A2CA0040BB9A /* NumberFormatter+Static.swift in Sources */ = {isa = PBXBuildFile; fileRef = EE5F49E12556A2CA0040BB9A /* NumberFormatter+Static.swift */; };
		EE5F49E52556A6F20040BB9A /* Currency.swift in Sources */ = {isa = PBXBuildFile; fileRef = EE5F49E42556A6F20040BB9A /* Currency.swift */; };
		EE5F49EA2557F4400040BB9A /* MapTableViewCell.swift in Sources */ = {isa = PBXBuildFile; fileRef = EE5F49E82557F4400040BB9A /* MapTableViewCell.swift */; };
		EE5F49EB2557F4400040BB9A /* MapTableViewCell.xib in Resources */ = {isa = PBXBuildFile; fileRef = EE5F49E92557F4400040BB9A /* MapTableViewCell.xib */; };
		EE5F49EE2557F5E80040BB9A /* MapCellViewModel.swift in Sources */ = {isa = PBXBuildFile; fileRef = EE5F49ED2557F5E80040BB9A /* MapCellViewModel.swift */; };
		EE5F49F4255A904A0040BB9A /* CountriesResultsViewController.swift in Sources */ = {isa = PBXBuildFile; fileRef = EE5F49F2255A904A0040BB9A /* CountriesResultsViewController.swift */; };
		EE5F49F5255A904A0040BB9A /* CountriesResultsViewController.xib in Resources */ = {isa = PBXBuildFile; fileRef = EE5F49F3255A904A0040BB9A /* CountriesResultsViewController.xib */; };
		EE5F49FB255A96DB0040BB9A /* CountriesResultsViewModel.swift in Sources */ = {isa = PBXBuildFile; fileRef = EE5F49FA255A96DB0040BB9A /* CountriesResultsViewModel.swift */; };
		EE86D600255BE1C30028CF12 /* FavouriteCountriesViewController.swift in Sources */ = {isa = PBXBuildFile; fileRef = EE86D5FE255BE1C30028CF12 /* FavouriteCountriesViewController.swift */; };
		EE86D601255BE1C30028CF12 /* FavouriteCountriesViewController.xib in Resources */ = {isa = PBXBuildFile; fileRef = EE86D5FF255BE1C30028CF12 /* FavouriteCountriesViewController.xib */; };
		EE86D604255BE9810028CF12 /* FavouriteCountriesViewModel.swift in Sources */ = {isa = PBXBuildFile; fileRef = EE86D603255BE9810028CF12 /* FavouriteCountriesViewModel.swift */; };
		EE86D60A255C07A80028CF12 /* RealmController.swift in Sources */ = {isa = PBXBuildFile; fileRef = EE86D609255C07A80028CF12 /* RealmController.swift */; };
		EE86D60E255C07BE0028CF12 /* Realm+WriteFunctions.swift in Sources */ = {isa = PBXBuildFile; fileRef = EE86D60D255C07BE0028CF12 /* Realm+WriteFunctions.swift */; };
		EE86D611255C07D20028CF12 /* Realm+Notifications.swift in Sources */ = {isa = PBXBuildFile; fileRef = EE86D610255C07D20028CF12 /* Realm+Notifications.swift */; };
		EE86D614255C08080028CF12 /* CountryEntity.swift in Sources */ = {isa = PBXBuildFile; fileRef = EE86D613255C08080028CF12 /* CountryEntity.swift */; };
		EE86D61B255C0BEF0028CF12 /* LocationEntity.swift in Sources */ = {isa = PBXBuildFile; fileRef = EE86D61A255C0BEF0028CF12 /* LocationEntity.swift */; };
		EE86D61F255C0CC20028CF12 /* CurrencyEntity.swift in Sources */ = {isa = PBXBuildFile; fileRef = EE86D61E255C0CC20028CF12 /* CurrencyEntity.swift */; };
		EE86D62B255C55580028CF12 /* NetworkClient.swift in Sources */ = {isa = PBXBuildFile; fileRef = EE86D629255C55580028CF12 /* NetworkClient.swift */; };
		EE86D62C255C55580028CF12 /* BaseNetworkService.swift in Sources */ = {isa = PBXBuildFile; fileRef = EE86D62A255C55580028CF12 /* BaseNetworkService.swift */; };
		EE86D63E255E8EDB0028CF12 /* FavouriteCountryEntity.swift in Sources */ = {isa = PBXBuildFile; fileRef = EE86D63D255E8EDB0028CF12 /* FavouriteCountryEntity.swift */; };
		EE86D642255E93550028CF12 /* Assets.xcassets in Resources */ = {isa = PBXBuildFile; fileRef = EE86D641255E93540028CF12 /* Assets.xcassets */; };
		EEAA341825754598002DAD06 /* R.generated.swift in Sources */ = {isa = PBXBuildFile; fileRef = EEAA341725754598002DAD06 /* R.generated.swift */; };
		EEAA341E25755079002DAD06 /* Localizable.strings in Resources */ = {isa = PBXBuildFile; fileRef = EEAA342025755079002DAD06 /* Localizable.strings */; };
		F4F9E835174EC7F2120213DF /* Pods_CountriesApp.framework in Frameworks */ = {isa = PBXBuildFile; fileRef = 4339F762C6A568F54758A874 /* Pods_CountriesApp.framework */; };
/* End PBXBuildFile section */

/* Begin PBXFileReference section */
		2673AF2BB17F0108B088EC30 /* Pods-CountriesApp.debug.xcconfig */ = {isa = PBXFileReference; includeInIndex = 1; lastKnownFileType = text.xcconfig; name = "Pods-CountriesApp.debug.xcconfig"; path = "Target Support Files/Pods-CountriesApp/Pods-CountriesApp.debug.xcconfig"; sourceTree = "<group>"; };
		4339F762C6A568F54758A874 /* Pods_CountriesApp.framework */ = {isa = PBXFileReference; explicitFileType = wrapper.framework; includeInIndex = 0; path = Pods_CountriesApp.framework; sourceTree = BUILT_PRODUCTS_DIR; };
		B9D46B4B5BCFD947AF91B176 /* Pods-CountriesApp.release.xcconfig */ = {isa = PBXFileReference; includeInIndex = 1; lastKnownFileType = text.xcconfig; name = "Pods-CountriesApp.release.xcconfig"; path = "Target Support Files/Pods-CountriesApp/Pods-CountriesApp.release.xcconfig"; sourceTree = "<group>"; };
		EE284D18255E99E1008BB1D7 /* FavouriteCountryService.swift */ = {isa = PBXFileReference; lastKnownFileType = sourcecode.swift; path = FavouriteCountryService.swift; sourceTree = "<group>"; };
		EE468CD125501AB0007A7941 /* CountriesApp.app */ = {isa = PBXFileReference; explicitFileType = wrapper.application; includeInIndex = 0; path = CountriesApp.app; sourceTree = BUILT_PRODUCTS_DIR; };
		EE468CD425501AB0007A7941 /* AppDelegate.swift */ = {isa = PBXFileReference; lastKnownFileType = sourcecode.swift; path = AppDelegate.swift; sourceTree = "<group>"; };
		EE468CD625501AB0007A7941 /* SceneDelegate.swift */ = {isa = PBXFileReference; lastKnownFileType = sourcecode.swift; path = SceneDelegate.swift; sourceTree = "<group>"; };
		EE468CD825501AB0007A7941 /* CountriesListViewController.swift */ = {isa = PBXFileReference; lastKnownFileType = sourcecode.swift; path = CountriesListViewController.swift; sourceTree = "<group>"; };
		EE468CDB25501AB0007A7941 /* Base */ = {isa = PBXFileReference; lastKnownFileType = file.storyboard; name = Base; path = Base.lproj/Main.storyboard; sourceTree = "<group>"; };
		EE468CE025501AB3007A7941 /* Base */ = {isa = PBXFileReference; lastKnownFileType = file.storyboard; name = Base; path = Base.lproj/LaunchScreen.storyboard; sourceTree = "<group>"; };
		EE468CE225501AB3007A7941 /* Info.plist */ = {isa = PBXFileReference; lastKnownFileType = text.plist.xml; path = Info.plist; sourceTree = "<group>"; };
		EE468CFA25502ED0007A7941 /* BaseViewController.swift */ = {isa = PBXFileReference; lastKnownFileType = sourcecode.swift; path = BaseViewController.swift; sourceTree = "<group>"; };
		EE468CFD25503069007A7941 /* ViewModel.swift */ = {isa = PBXFileReference; lastKnownFileType = sourcecode.swift; path = ViewModel.swift; sourceTree = "<group>"; };
		EE468D00255030D9007A7941 /* KeyboardNotification.swift */ = {isa = PBXFileReference; lastKnownFileType = sourcecode.swift; path = KeyboardNotification.swift; sourceTree = "<group>"; };
		EE468D242550665E007A7941 /* ConfigurableView.swift */ = {isa = PBXFileReference; lastKnownFileType = sourcecode.swift; path = ConfigurableView.swift; sourceTree = "<group>"; };
		EE468D282550682A007A7941 /* CountriesListViewModel.swift */ = {isa = PBXFileReference; lastKnownFileType = sourcecode.swift; path = CountriesListViewModel.swift; sourceTree = "<group>"; };
		EE468D2F25508424007A7941 /* CountryTableViewCell.swift */ = {isa = PBXFileReference; lastKnownFileType = sourcecode.swift; path = CountryTableViewCell.swift; sourceTree = "<group>"; };
		EE468D3025508424007A7941 /* CountryTableViewCell.xib */ = {isa = PBXFileReference; lastKnownFileType = file.xib; path = CountryTableViewCell.xib; sourceTree = "<group>"; };
		EE468D4325516D6D007A7941 /* CountryCellViewModel.swift */ = {isa = PBXFileReference; lastKnownFileType = sourcecode.swift; path = CountryCellViewModel.swift; sourceTree = "<group>"; };
		EE468D79255179FF007A7941 /* UITableView+registerCell.swift */ = {isa = PBXFileReference; lastKnownFileType = sourcecode.swift; path = "UITableView+registerCell.swift"; sourceTree = "<group>"; };
		EE468D8725519701007A7941 /* Country.swift */ = {isa = PBXFileReference; lastKnownFileType = sourcecode.swift; path = Country.swift; sourceTree = "<group>"; };
		EE468D91255197A2007A7941 /* CountryService.swift */ = {isa = PBXFileReference; lastKnownFileType = sourcecode.swift; path = CountryService.swift; sourceTree = "<group>"; };
		EE468D942551A102007A7941 /* Location.swift */ = {isa = PBXFileReference; lastKnownFileType = sourcecode.swift; path = Location.swift; sourceTree = "<group>"; };
		EE468D982551B725007A7941 /* TextUtilities.swift */ = {isa = PBXFileReference; lastKnownFileType = sourcecode.swift; path = TextUtilities.swift; sourceTree = "<group>"; };
		EE468DA12554217F007A7941 /* CellViewModel.swift */ = {isa = PBXFileReference; lastKnownFileType = sourcecode.swift; path = CellViewModel.swift; sourceTree = "<group>"; };
		EE468DA725544D58007A7941 /* CountryViewController.swift */ = {isa = PBXFileReference; lastKnownFileType = sourcecode.swift; path = CountryViewController.swift; sourceTree = "<group>"; };
		EE468DAE25544F40007A7941 /* CountryViewModel.swift */ = {isa = PBXFileReference; lastKnownFileType = sourcecode.swift; path = CountryViewModel.swift; sourceTree = "<group>"; };
		EE468DBB25545579007A7941 /* CountriesListViewController.xib */ = {isa = PBXFileReference; lastKnownFileType = file.xib; path = CountriesListViewController.xib; sourceTree = "<group>"; };
		EE468DC325545676007A7941 /* CountryViewController.xib */ = {isa = PBXFileReference; lastKnownFileType = file.xib; path = CountryViewController.xib; sourceTree = "<group>"; };
		EE468DCA25545B15007A7941 /* CountryInfoTableViewCell.swift */ = {isa = PBXFileReference; lastKnownFileType = sourcecode.swift; path = CountryInfoTableViewCell.swift; sourceTree = "<group>"; };
		EE468DCB25545B15007A7941 /* CountryInfoTableViewCell.xib */ = {isa = PBXFileReference; lastKnownFileType = file.xib; path = CountryInfoTableViewCell.xib; sourceTree = "<group>"; };
		EE468DCF25545F5B007A7941 /* BaseCountryInfoCellViewModel.swift */ = {isa = PBXFileReference; lastKnownFileType = sourcecode.swift; path = BaseCountryInfoCellViewModel.swift; sourceTree = "<group>"; };
		EE468DD225546007007A7941 /* PopulationInfoCellViewModel.swift */ = {isa = PBXFileReference; lastKnownFileType = sourcecode.swift; path = PopulationInfoCellViewModel.swift; sourceTree = "<group>"; };
		EE468DD625546061007A7941 /* AreaInfoCellViewModel.swift */ = {isa = PBXFileReference; lastKnownFileType = sourcecode.swift; path = AreaInfoCellViewModel.swift; sourceTree = "<group>"; };
		EE5F49E12556A2CA0040BB9A /* NumberFormatter+Static.swift */ = {isa = PBXFileReference; lastKnownFileType = sourcecode.swift; path = "NumberFormatter+Static.swift"; sourceTree = "<group>"; };
		EE5F49E42556A6F20040BB9A /* Currency.swift */ = {isa = PBXFileReference; lastKnownFileType = sourcecode.swift; path = Currency.swift; sourceTree = "<group>"; };
		EE5F49E82557F4400040BB9A /* MapTableViewCell.swift */ = {isa = PBXFileReference; lastKnownFileType = sourcecode.swift; path = MapTableViewCell.swift; sourceTree = "<group>"; };
		EE5F49E92557F4400040BB9A /* MapTableViewCell.xib */ = {isa = PBXFileReference; lastKnownFileType = file.xib; path = MapTableViewCell.xib; sourceTree = "<group>"; };
		EE5F49ED2557F5E80040BB9A /* MapCellViewModel.swift */ = {isa = PBXFileReference; lastKnownFileType = sourcecode.swift; path = MapCellViewModel.swift; sourceTree = "<group>"; };
		EE5F49F2255A904A0040BB9A /* CountriesResultsViewController.swift */ = {isa = PBXFileReference; lastKnownFileType = sourcecode.swift; path = CountriesResultsViewController.swift; sourceTree = "<group>"; };
		EE5F49F3255A904A0040BB9A /* CountriesResultsViewController.xib */ = {isa = PBXFileReference; lastKnownFileType = file.xib; path = CountriesResultsViewController.xib; sourceTree = "<group>"; };
		EE5F49FA255A96DB0040BB9A /* CountriesResultsViewModel.swift */ = {isa = PBXFileReference; lastKnownFileType = sourcecode.swift; path = CountriesResultsViewModel.swift; sourceTree = "<group>"; };
		EE86D5FE255BE1C30028CF12 /* FavouriteCountriesViewController.swift */ = {isa = PBXFileReference; lastKnownFileType = sourcecode.swift; path = FavouriteCountriesViewController.swift; sourceTree = "<group>"; };
		EE86D5FF255BE1C30028CF12 /* FavouriteCountriesViewController.xib */ = {isa = PBXFileReference; lastKnownFileType = file.xib; path = FavouriteCountriesViewController.xib; sourceTree = "<group>"; };
		EE86D603255BE9810028CF12 /* FavouriteCountriesViewModel.swift */ = {isa = PBXFileReference; lastKnownFileType = sourcecode.swift; path = FavouriteCountriesViewModel.swift; sourceTree = "<group>"; };
		EE86D609255C07A80028CF12 /* RealmController.swift */ = {isa = PBXFileReference; lastKnownFileType = sourcecode.swift; path = RealmController.swift; sourceTree = "<group>"; };
		EE86D60D255C07BE0028CF12 /* Realm+WriteFunctions.swift */ = {isa = PBXFileReference; lastKnownFileType = sourcecode.swift; path = "Realm+WriteFunctions.swift"; sourceTree = "<group>"; };
		EE86D610255C07D20028CF12 /* Realm+Notifications.swift */ = {isa = PBXFileReference; lastKnownFileType = sourcecode.swift; path = "Realm+Notifications.swift"; sourceTree = "<group>"; };
		EE86D613255C08080028CF12 /* CountryEntity.swift */ = {isa = PBXFileReference; lastKnownFileType = sourcecode.swift; path = CountryEntity.swift; sourceTree = "<group>"; };
		EE86D61A255C0BEF0028CF12 /* LocationEntity.swift */ = {isa = PBXFileReference; lastKnownFileType = sourcecode.swift; path = LocationEntity.swift; sourceTree = "<group>"; };
		EE86D61E255C0CC20028CF12 /* CurrencyEntity.swift */ = {isa = PBXFileReference; lastKnownFileType = sourcecode.swift; path = CurrencyEntity.swift; sourceTree = "<group>"; };
		EE86D629255C55580028CF12 /* NetworkClient.swift */ = {isa = PBXFileReference; fileEncoding = 4; lastKnownFileType = sourcecode.swift; path = NetworkClient.swift; sourceTree = "<group>"; };
		EE86D62A255C55580028CF12 /* BaseNetworkService.swift */ = {isa = PBXFileReference; fileEncoding = 4; lastKnownFileType = sourcecode.swift; path = BaseNetworkService.swift; sourceTree = "<group>"; };
		EE86D63D255E8EDB0028CF12 /* FavouriteCountryEntity.swift */ = {isa = PBXFileReference; lastKnownFileType = sourcecode.swift; path = FavouriteCountryEntity.swift; sourceTree = "<group>"; };
		EE86D641255E93540028CF12 /* Assets.xcassets */ = {isa = PBXFileReference; lastKnownFileType = folder.assetcatalog; path = Assets.xcassets; sourceTree = "<group>"; };
		EEAA341725754598002DAD06 /* R.generated.swift */ = {isa = PBXFileReference; fileEncoding = 4; lastKnownFileType = sourcecode.swift; path = R.generated.swift; sourceTree = "<group>"; };
		EEAA341F25755079002DAD06 /* en */ = {isa = PBXFileReference; lastKnownFileType = text.plist.strings; name = en; path = en.lproj/Localizable.strings; sourceTree = "<group>"; };
		EEAA342425755417002DAD06 /* ru */ = {isa = PBXFileReference; lastKnownFileType = text.plist.strings; name = ru; path = ru.lproj/Localizable.strings; sourceTree = "<group>"; };
/* End PBXFileReference section */

/* Begin PBXFrameworksBuildPhase section */
		EE468CCE25501AB0007A7941 /* Frameworks */ = {
			isa = PBXFrameworksBuildPhase;
			buildActionMask = 2147483647;
			files = (
				F4F9E835174EC7F2120213DF /* Pods_CountriesApp.framework in Frameworks */,
			);
			runOnlyForDeploymentPostprocessing = 0;
		};
/* End PBXFrameworksBuildPhase section */

/* Begin PBXGroup section */
		89337E0FE45DCD2A9EEB1F13 /* Frameworks */ = {
			isa = PBXGroup;
			children = (
				4339F762C6A568F54758A874 /* Pods_CountriesApp.framework */,
			);
			name = Frameworks;
			sourceTree = "<group>";
		};
		EE468CC825501AB0007A7941 = {
			isa = PBXGroup;
			children = (
				EE468CD325501AB0007A7941 /* CountriesApp */,
				EE468CD225501AB0007A7941 /* Products */,
				F735BCBFA41C05D76EFBB177 /* Pods */,
				89337E0FE45DCD2A9EEB1F13 /* Frameworks */,
			);
			sourceTree = "<group>";
		};
		EE468CD225501AB0007A7941 /* Products */ = {
			isa = PBXGroup;
			children = (
				EE468CD125501AB0007A7941 /* CountriesApp.app */,
			);
			name = Products;
			sourceTree = "<group>";
		};
		EE468CD325501AB0007A7941 /* CountriesApp */ = {
			isa = PBXGroup;
			children = (
				EE5F49F7255A96780040BB9A /* CountriesResultsViewController */,
				EE468D1D25504133007A7941 /* CountriesListViewController */,
				EE468DA425544C8E007A7941 /* CountryViewController */,
				EE86D5FB255BE1750028CF12 /* FavouriteCountriesViewController */,
				EE468D8425519645007A7941 /* Services */,
				EE468CF525502E7F007A7941 /* Helpers */,
				EE468D132550397E007A7941 /* Extensions */,
				EE468D8125519367007A7941 /* Support */,
				EEAA341725754598002DAD06 /* R.generated.swift */,
			);
			path = CountriesApp;
			sourceTree = "<group>";
		};
		EE468CF525502E7F007A7941 /* Helpers */ = {
			isa = PBXGroup;
			children = (
				EE468CFA25502ED0007A7941 /* BaseViewController.swift */,
				EE468CFD25503069007A7941 /* ViewModel.swift */,
				EE468D00255030D9007A7941 /* KeyboardNotification.swift */,
				EE468D242550665E007A7941 /* ConfigurableView.swift */,
				EE468D982551B725007A7941 /* TextUtilities.swift */,
				EE468DA12554217F007A7941 /* CellViewModel.swift */,
			);
			path = Helpers;
			sourceTree = "<group>";
		};
		EE468D132550397E007A7941 /* Extensions */ = {
			isa = PBXGroup;
			children = (
				EE468D79255179FF007A7941 /* UITableView+registerCell.swift */,
				EE5F49E12556A2CA0040BB9A /* NumberFormatter+Static.swift */,
			);
			path = Extensions;
			sourceTree = "<group>";
		};
		EE468D1D25504133007A7941 /* CountriesListViewController */ = {
			isa = PBXGroup;
			children = (
				EE468D4225516C48007A7941 /* View */,
				EE468D4125516C39007A7941 /* ViewModel */,
				EE468D3425508437007A7941 /* Cell */,
			);
			path = CountriesListViewController;
			sourceTree = "<group>";
		};
		EE468D3425508437007A7941 /* Cell */ = {
			isa = PBXGroup;
			children = (
				EE468D3D25516B81007A7941 /* ViewModel */,
				EE468D3C25516B77007A7941 /* View */,
			);
			path = Cell;
			sourceTree = "<group>";
		};
		EE468D3C25516B77007A7941 /* View */ = {
			isa = PBXGroup;
			children = (
				EE468D2F25508424007A7941 /* CountryTableViewCell.swift */,
				EE468D3025508424007A7941 /* CountryTableViewCell.xib */,
			);
			path = View;
			sourceTree = "<group>";
		};
		EE468D3D25516B81007A7941 /* ViewModel */ = {
			isa = PBXGroup;
			children = (
				EE468D4325516D6D007A7941 /* CountryCellViewModel.swift */,
			);
			path = ViewModel;
			sourceTree = "<group>";
		};
		EE468D4125516C39007A7941 /* ViewModel */ = {
			isa = PBXGroup;
			children = (
				EE468D282550682A007A7941 /* CountriesListViewModel.swift */,
			);
			path = ViewModel;
			sourceTree = "<group>";
		};
		EE468D4225516C48007A7941 /* View */ = {
			isa = PBXGroup;
			children = (
				EE468CD825501AB0007A7941 /* CountriesListViewController.swift */,
				EE468DBB25545579007A7941 /* CountriesListViewController.xib */,
			);
			path = View;
			sourceTree = "<group>";
		};
		EE468D8125519367007A7941 /* Support */ = {
			isa = PBXGroup;
			children = (
				EE86D641255E93540028CF12 /* Assets.xcassets */,
				EE468CD425501AB0007A7941 /* AppDelegate.swift */,
				EE468CD625501AB0007A7941 /* SceneDelegate.swift */,
				EE468CDA25501AB0007A7941 /* Main.storyboard */,
				EE468CDF25501AB3007A7941 /* LaunchScreen.storyboard */,
				EE468CE225501AB3007A7941 /* Info.plist */,
				EEAA342025755079002DAD06 /* Localizable.strings */,
			);
			path = Support;
			sourceTree = "<group>";
		};
		EE468D8425519645007A7941 /* Services */ = {
			isa = PBXGroup;
			children = (
				EE284D18255E99E1008BB1D7 /* FavouriteCountryService.swift */,
				EE468D91255197A2007A7941 /* CountryService.swift */,
				EE86D628255C55580028CF12 /* Network */,
				EE86D608255C07890028CF12 /* Database */,
			);
			path = Services;
			sourceTree = "<group>";
		};
		EE468D86255196EC007A7941 /* Models */ = {
			isa = PBXGroup;
			children = (
				EE468D8725519701007A7941 /* Country.swift */,
				EE468D942551A102007A7941 /* Location.swift */,
				EE5F49E42556A6F20040BB9A /* Currency.swift */,
			);
			path = Models;
			sourceTree = "<group>";
		};
		EE468DA425544C8E007A7941 /* CountryViewController */ = {
			isa = PBXGroup;
			children = (
				EE468DAB25544D62007A7941 /* View */,
				EE468DAD25544F19007A7941 /* ViewModel */,
				EE468DB225544F55007A7941 /* Cells */,
			);
			path = CountryViewController;
			sourceTree = "<group>";
		};
		EE468DAB25544D62007A7941 /* View */ = {
			isa = PBXGroup;
			children = (
				EE468DA725544D58007A7941 /* CountryViewController.swift */,
				EE468DC325545676007A7941 /* CountryViewController.xib */,
			);
			path = View;
			sourceTree = "<group>";
		};
		EE468DAD25544F19007A7941 /* ViewModel */ = {
			isa = PBXGroup;
			children = (
				EE468DAE25544F40007A7941 /* CountryViewModel.swift */,
			);
			path = ViewModel;
			sourceTree = "<group>";
		};
		EE468DB225544F55007A7941 /* Cells */ = {
			isa = PBXGroup;
			children = (
				EE468DB7255452BB007A7941 /* View */,
				EE468DB6255452A8007A7941 /* ViewModels */,
			);
			path = Cells;
			sourceTree = "<group>";
		};
		EE468DB6255452A8007A7941 /* ViewModels */ = {
			isa = PBXGroup;
			children = (
				EE5F49ED2557F5E80040BB9A /* MapCellViewModel.swift */,
				EE468DCF25545F5B007A7941 /* BaseCountryInfoCellViewModel.swift */,
				EE468DD225546007007A7941 /* PopulationInfoCellViewModel.swift */,
				EE468DD625546061007A7941 /* AreaInfoCellViewModel.swift */,
			);
			path = ViewModels;
			sourceTree = "<group>";
		};
		EE468DB7255452BB007A7941 /* View */ = {
			isa = PBXGroup;
			children = (
				EE468DCA25545B15007A7941 /* CountryInfoTableViewCell.swift */,
				EE468DCB25545B15007A7941 /* CountryInfoTableViewCell.xib */,
				EE5F49E82557F4400040BB9A /* MapTableViewCell.swift */,
				EE5F49E92557F4400040BB9A /* MapTableViewCell.xib */,
			);
			path = View;
			sourceTree = "<group>";
		};
		EE5F49F7255A96780040BB9A /* CountriesResultsViewController */ = {
			isa = PBXGroup;
			children = (
				EE5F49F8255A96930040BB9A /* View */,
				EE5F49F9255A96A40040BB9A /* ViewModel */,
			);
			path = CountriesResultsViewController;
			sourceTree = "<group>";
		};
		EE5F49F8255A96930040BB9A /* View */ = {
			isa = PBXGroup;
			children = (
				EE5F49F2255A904A0040BB9A /* CountriesResultsViewController.swift */,
				EE5F49F3255A904A0040BB9A /* CountriesResultsViewController.xib */,
			);
			path = View;
			sourceTree = "<group>";
		};
		EE5F49F9255A96A40040BB9A /* ViewModel */ = {
			isa = PBXGroup;
			children = (
				EE5F49FA255A96DB0040BB9A /* CountriesResultsViewModel.swift */,
			);
			path = ViewModel;
			sourceTree = "<group>";
		};
		EE86D5FB255BE1750028CF12 /* FavouriteCountriesViewController */ = {
			isa = PBXGroup;
			children = (
				EE86D5FC255BE1880028CF12 /* View */,
				EE86D5FD255BE1910028CF12 /* ViewModel */,
			);
			path = FavouriteCountriesViewController;
			sourceTree = "<group>";
		};
		EE86D5FC255BE1880028CF12 /* View */ = {
			isa = PBXGroup;
			children = (
				EE86D5FE255BE1C30028CF12 /* FavouriteCountriesViewController.swift */,
				EE86D5FF255BE1C30028CF12 /* FavouriteCountriesViewController.xib */,
			);
			path = View;
			sourceTree = "<group>";
		};
		EE86D5FD255BE1910028CF12 /* ViewModel */ = {
			isa = PBXGroup;
			children = (
				EE86D603255BE9810028CF12 /* FavouriteCountriesViewModel.swift */,
			);
			path = ViewModel;
			sourceTree = "<group>";
		};
		EE86D608255C07890028CF12 /* Database */ = {
			isa = PBXGroup;
			children = (
				EE86D61D255C0C9A0028CF12 /* Models */,
				EE86D609255C07A80028CF12 /* RealmController.swift */,
				EE86D60D255C07BE0028CF12 /* Realm+WriteFunctions.swift */,
				EE86D610255C07D20028CF12 /* Realm+Notifications.swift */,
			);
			name = Database;
			sourceTree = "<group>";
		};
		EE86D61D255C0C9A0028CF12 /* Models */ = {
			isa = PBXGroup;
			children = (
				EE86D613255C08080028CF12 /* CountryEntity.swift */,
				EE86D61A255C0BEF0028CF12 /* LocationEntity.swift */,
				EE86D61E255C0CC20028CF12 /* CurrencyEntity.swift */,
				EE86D63D255E8EDB0028CF12 /* FavouriteCountryEntity.swift */,
			);
			name = Models;
			sourceTree = "<group>";
		};
		EE86D628255C55580028CF12 /* Network */ = {
			isa = PBXGroup;
			children = (
				EE468D86255196EC007A7941 /* Models */,
				EE86D629255C55580028CF12 /* NetworkClient.swift */,
				EE86D62A255C55580028CF12 /* BaseNetworkService.swift */,
			);
			path = Network;
			sourceTree = "<group>";
		};
		F735BCBFA41C05D76EFBB177 /* Pods */ = {
			isa = PBXGroup;
			children = (
				2673AF2BB17F0108B088EC30 /* Pods-CountriesApp.debug.xcconfig */,
				B9D46B4B5BCFD947AF91B176 /* Pods-CountriesApp.release.xcconfig */,
			);
			path = Pods;
			sourceTree = "<group>";
		};
/* End PBXGroup section */

/* Begin PBXNativeTarget section */
		EE468CD025501AB0007A7941 /* CountriesApp */ = {
			isa = PBXNativeTarget;
			buildConfigurationList = EE468CE525501AB3007A7941 /* Build configuration list for PBXNativeTarget "CountriesApp" */;
			buildPhases = (
				4A0FBD51D6B3D8378A98C41C /* [CP] Check Pods Manifest.lock */,
				EEC65A532574FF9F0035A160 /* R.swift */,
				EE468CCD25501AB0007A7941 /* Sources */,
				EE468CCE25501AB0007A7941 /* Frameworks */,
				EE468CCF25501AB0007A7941 /* Resources */,
				61287B159F1DA4C699382133 /* [CP] Embed Pods Frameworks */,
			);
			buildRules = (
			);
			dependencies = (
			);
			name = CountriesApp;
			productName = CountriesApp;
			productReference = EE468CD125501AB0007A7941 /* CountriesApp.app */;
			productType = "com.apple.product-type.application";
		};
/* End PBXNativeTarget section */

/* Begin PBXProject section */
		EE468CC925501AB0007A7941 /* Project object */ = {
			isa = PBXProject;
			attributes = {
				LastSwiftUpdateCheck = 1210;
				LastUpgradeCheck = 1210;
				TargetAttributes = {
					EE468CD025501AB0007A7941 = {
						CreatedOnToolsVersion = 12.1;
					};
				};
			};
			buildConfigurationList = EE468CCC25501AB0007A7941 /* Build configuration list for PBXProject "CountriesApp" */;
			compatibilityVersion = "Xcode 9.3";
			developmentRegion = en;
			hasScannedForEncodings = 0;
			knownRegions = (
				en,
				Base,
				ru,
			);
			mainGroup = EE468CC825501AB0007A7941;
			productRefGroup = EE468CD225501AB0007A7941 /* Products */;
			projectDirPath = "";
			projectRoot = "";
			targets = (
				EE468CD025501AB0007A7941 /* CountriesApp */,
			);
		};
/* End PBXProject section */

/* Begin PBXResourcesBuildPhase section */
		EE468CCF25501AB0007A7941 /* Resources */ = {
			isa = PBXResourcesBuildPhase;
			buildActionMask = 2147483647;
			files = (
				EE468D3225508424007A7941 /* CountryTableViewCell.xib in Resources */,
				EE5F49F5255A904A0040BB9A /* CountriesResultsViewController.xib in Resources */,
				EEAA341E25755079002DAD06 /* Localizable.strings in Resources */,
				EE468CE125501AB3007A7941 /* LaunchScreen.storyboard in Resources */,
				EE86D601255BE1C30028CF12 /* FavouriteCountriesViewController.xib in Resources */,
				EE86D642255E93550028CF12 /* Assets.xcassets in Resources */,
				EE468DCD25545B15007A7941 /* CountryInfoTableViewCell.xib in Resources */,
				EE468CDC25501AB0007A7941 /* Main.storyboard in Resources */,
				EE468DBD25545579007A7941 /* CountriesListViewController.xib in Resources */,
				EE5F49EB2557F4400040BB9A /* MapTableViewCell.xib in Resources */,
				EE468DC525545676007A7941 /* CountryViewController.xib in Resources */,
			);
			runOnlyForDeploymentPostprocessing = 0;
		};
/* End PBXResourcesBuildPhase section */

/* Begin PBXShellScriptBuildPhase section */
		4A0FBD51D6B3D8378A98C41C /* [CP] Check Pods Manifest.lock */ = {
			isa = PBXShellScriptBuildPhase;
			buildActionMask = 2147483647;
			files = (
			);
			inputFileListPaths = (
			);
			inputPaths = (
				"${PODS_PODFILE_DIR_PATH}/Podfile.lock",
				"${PODS_ROOT}/Manifest.lock",
			);
			name = "[CP] Check Pods Manifest.lock";
			outputFileListPaths = (
			);
			outputPaths = (
				"$(DERIVED_FILE_DIR)/Pods-CountriesApp-checkManifestLockResult.txt",
			);
			runOnlyForDeploymentPostprocessing = 0;
			shellPath = /bin/sh;
			shellScript = "diff \"${PODS_PODFILE_DIR_PATH}/Podfile.lock\" \"${PODS_ROOT}/Manifest.lock\" > /dev/null\nif [ $? != 0 ] ; then\n    # print error to STDERR\n    echo \"error: The sandbox is not in sync with the Podfile.lock. Run 'pod install' or update your CocoaPods installation.\" >&2\n    exit 1\nfi\n# This output is used by Xcode 'outputs' to avoid re-running this script phase.\necho \"SUCCESS\" > \"${SCRIPT_OUTPUT_FILE_0}\"\n";
			showEnvVarsInLog = 0;
		};
		61287B159F1DA4C699382133 /* [CP] Embed Pods Frameworks */ = {
			isa = PBXShellScriptBuildPhase;
			buildActionMask = 2147483647;
			files = (
			);
			inputFileListPaths = (
				"${PODS_ROOT}/Target Support Files/Pods-CountriesApp/Pods-CountriesApp-frameworks-${CONFIGURATION}-input-files.xcfilelist",
			);
			name = "[CP] Embed Pods Frameworks";
			outputFileListPaths = (
				"${PODS_ROOT}/Target Support Files/Pods-CountriesApp/Pods-CountriesApp-frameworks-${CONFIGURATION}-output-files.xcfilelist",
			);
			runOnlyForDeploymentPostprocessing = 0;
			shellPath = /bin/sh;
			shellScript = "\"${PODS_ROOT}/Target Support Files/Pods-CountriesApp/Pods-CountriesApp-frameworks.sh\"\n";
			showEnvVarsInLog = 0;
		};
		EEC65A532574FF9F0035A160 /* R.swift */ = {
			isa = PBXShellScriptBuildPhase;
			buildActionMask = 2147483647;
			files = (
			);
			inputFileListPaths = (
			);
			inputPaths = (
				"$TEMP_DIR/rswift-lastrun",
			);
			name = R.swift;
			outputFileListPaths = (
			);
			outputPaths = (
				$SRCROOT/$PRODUCT_NAME/R.generated.swift,
			);
			runOnlyForDeploymentPostprocessing = 0;
			shellPath = /bin/sh;
			shellScript = "\"$PODS_ROOT/R.swift/rswift\" generate \"$SRCROOT/$PRODUCT_NAME/R.generated.swift\"\n";
		};
/* End PBXShellScriptBuildPhase section */

/* Begin PBXSourcesBuildPhase section */
		EE468CCD25501AB0007A7941 /* Sources */ = {
			isa = PBXSourcesBuildPhase;
			buildActionMask = 2147483647;
			files = (
				EEAA341825754598002DAD06 /* R.generated.swift in Sources */,
				EE86D61B255C0BEF0028CF12 /* LocationEntity.swift in Sources */,
				EE468D01255030D9007A7941 /* KeyboardNotification.swift in Sources */,
				EE468CD925501AB0007A7941 /* CountriesListViewController.swift in Sources */,
				EE468D92255197A2007A7941 /* CountryService.swift in Sources */,
				EE468DA22554217F007A7941 /* CellViewModel.swift in Sources */,
				EE86D60E255C07BE0028CF12 /* Realm+WriteFunctions.swift in Sources */,
				EE468D952551A102007A7941 /* Location.swift in Sources */,
				EE468DD025545F5C007A7941 /* BaseCountryInfoCellViewModel.swift in Sources */,
				EE5F49E22556A2CA0040BB9A /* NumberFormatter+Static.swift in Sources */,
				EE5F49E52556A6F20040BB9A /* Currency.swift in Sources */,
				EE5F49F4255A904A0040BB9A /* CountriesResultsViewController.swift in Sources */,
				EE86D614255C08080028CF12 /* CountryEntity.swift in Sources */,
				EE468D992551B725007A7941 /* TextUtilities.swift in Sources */,
				EE86D604255BE9810028CF12 /* FavouriteCountriesViewModel.swift in Sources */,
				EE86D61F255C0CC20028CF12 /* CurrencyEntity.swift in Sources */,
				EE86D62C255C55580028CF12 /* BaseNetworkService.swift in Sources */,
				EE468D252550665E007A7941 /* ConfigurableView.swift in Sources */,
				EE5F49EE2557F5E80040BB9A /* MapCellViewModel.swift in Sources */,
				EE468DCC25545B15007A7941 /* CountryInfoTableViewCell.swift in Sources */,
				EE5F49FB255A96DB0040BB9A /* CountriesResultsViewModel.swift in Sources */,
				EE86D611255C07D20028CF12 /* Realm+Notifications.swift in Sources */,
				EE468DD325546007007A7941 /* PopulationInfoCellViewModel.swift in Sources */,
				EE468DD725546061007A7941 /* AreaInfoCellViewModel.swift in Sources */,
				EE468D8825519701007A7941 /* Country.swift in Sources */,
				EE468DAF25544F40007A7941 /* CountryViewModel.swift in Sources */,
				EE468CD525501AB0007A7941 /* AppDelegate.swift in Sources */,
				EE86D600255BE1C30028CF12 /* FavouriteCountriesViewController.swift in Sources */,
				EE468D4425516D6D007A7941 /* CountryCellViewModel.swift in Sources */,
				EE468D3125508424007A7941 /* CountryTableViewCell.swift in Sources */,
				EE468D292550682A007A7941 /* CountriesListViewModel.swift in Sources */,
				EE5F49EA2557F4400040BB9A /* MapTableViewCell.swift in Sources */,
				EE468CFB25502ED0007A7941 /* BaseViewController.swift in Sources */,
				EE86D60A255C07A80028CF12 /* RealmController.swift in Sources */,
				EE468DA825544D59007A7941 /* CountryViewController.swift in Sources */,
				EE284D19255E99E1008BB1D7 /* FavouriteCountryService.swift in Sources */,
				EE86D63E255E8EDB0028CF12 /* FavouriteCountryEntity.swift in Sources */,
				EE468CFE25503069007A7941 /* ViewModel.swift in Sources */,
				EE468D7A255179FF007A7941 /* UITableView+registerCell.swift in Sources */,
				EE86D62B255C55580028CF12 /* NetworkClient.swift in Sources */,
				EE468CD725501AB0007A7941 /* SceneDelegate.swift in Sources */,
			);
			runOnlyForDeploymentPostprocessing = 0;
		};
/* End PBXSourcesBuildPhase section */

/* Begin PBXVariantGroup section */
		EE468CDA25501AB0007A7941 /* Main.storyboard */ = {
			isa = PBXVariantGroup;
			children = (
				EE468CDB25501AB0007A7941 /* Base */,
			);
			name = Main.storyboard;
			sourceTree = "<group>";
		};
		EE468CDF25501AB3007A7941 /* LaunchScreen.storyboard */ = {
			isa = PBXVariantGroup;
			children = (
				EE468CE025501AB3007A7941 /* Base */,
			);
			name = LaunchScreen.storyboard;
			sourceTree = "<group>";
		};
		EEAA342025755079002DAD06 /* Localizable.strings */ = {
			isa = PBXVariantGroup;
			children = (
				EEAA341F25755079002DAD06 /* en */,
				EEAA342425755417002DAD06 /* ru */,
			);
			name = Localizable.strings;
			sourceTree = "<group>";
		};
/* End PBXVariantGroup section */

/* Begin XCBuildConfiguration section */
		EE468CE325501AB3007A7941 /* Debug */ = {
			isa = XCBuildConfiguration;
			buildSettings = {
				ALWAYS_SEARCH_USER_PATHS = NO;
				CLANG_ANALYZER_LOCALIZABILITY_NONLOCALIZED = YES;
				CLANG_ANALYZER_NONNULL = YES;
				CLANG_ANALYZER_NUMBER_OBJECT_CONVERSION = YES_AGGRESSIVE;
				CLANG_CXX_LANGUAGE_STANDARD = "gnu++14";
				CLANG_CXX_LIBRARY = "libc++";
				CLANG_ENABLE_MODULES = YES;
				CLANG_ENABLE_OBJC_ARC = YES;
				CLANG_ENABLE_OBJC_WEAK = YES;
				CLANG_WARN_BLOCK_CAPTURE_AUTORELEASING = YES;
				CLANG_WARN_BOOL_CONVERSION = YES;
				CLANG_WARN_COMMA = YES;
				CLANG_WARN_CONSTANT_CONVERSION = YES;
				CLANG_WARN_DEPRECATED_OBJC_IMPLEMENTATIONS = YES;
				CLANG_WARN_DIRECT_OBJC_ISA_USAGE = YES_ERROR;
				CLANG_WARN_DOCUMENTATION_COMMENTS = YES;
				CLANG_WARN_EMPTY_BODY = YES;
				CLANG_WARN_ENUM_CONVERSION = YES;
				CLANG_WARN_INFINITE_RECURSION = YES;
				CLANG_WARN_INT_CONVERSION = YES;
				CLANG_WARN_NON_LITERAL_NULL_CONVERSION = YES;
				CLANG_WARN_OBJC_IMPLICIT_RETAIN_SELF = YES;
				CLANG_WARN_OBJC_LITERAL_CONVERSION = YES;
				CLANG_WARN_OBJC_ROOT_CLASS = YES_ERROR;
				CLANG_WARN_QUOTED_INCLUDE_IN_FRAMEWORK_HEADER = YES;
				CLANG_WARN_RANGE_LOOP_ANALYSIS = YES;
				CLANG_WARN_STRICT_PROTOTYPES = YES;
				CLANG_WARN_SUSPICIOUS_MOVE = YES;
				CLANG_WARN_UNGUARDED_AVAILABILITY = YES_AGGRESSIVE;
				CLANG_WARN_UNREACHABLE_CODE = YES;
				CLANG_WARN__DUPLICATE_METHOD_MATCH = YES;
				COPY_PHASE_STRIP = NO;
				DEBUG_INFORMATION_FORMAT = dwarf;
				ENABLE_STRICT_OBJC_MSGSEND = YES;
				ENABLE_TESTABILITY = YES;
				GCC_C_LANGUAGE_STANDARD = gnu11;
				GCC_DYNAMIC_NO_PIC = NO;
				GCC_NO_COMMON_BLOCKS = YES;
				GCC_OPTIMIZATION_LEVEL = 0;
				GCC_PREPROCESSOR_DEFINITIONS = (
					"DEBUG=1",
					"$(inherited)",
				);
				GCC_WARN_64_TO_32_BIT_CONVERSION = YES;
				GCC_WARN_ABOUT_RETURN_TYPE = YES_ERROR;
				GCC_WARN_UNDECLARED_SELECTOR = YES;
				GCC_WARN_UNINITIALIZED_AUTOS = YES_AGGRESSIVE;
				GCC_WARN_UNUSED_FUNCTION = YES;
				GCC_WARN_UNUSED_VARIABLE = YES;
				IPHONEOS_DEPLOYMENT_TARGET = 14.1;
				MTL_ENABLE_DEBUG_INFO = INCLUDE_SOURCE;
				MTL_FAST_MATH = YES;
				ONLY_ACTIVE_ARCH = YES;
				SDKROOT = iphoneos;
				SWIFT_ACTIVE_COMPILATION_CONDITIONS = DEBUG;
				SWIFT_OPTIMIZATION_LEVEL = "-Onone";
			};
			name = Debug;
		};
		EE468CE425501AB3007A7941 /* Release */ = {
			isa = XCBuildConfiguration;
			buildSettings = {
				ALWAYS_SEARCH_USER_PATHS = NO;
				CLANG_ANALYZER_LOCALIZABILITY_NONLOCALIZED = YES;
				CLANG_ANALYZER_NONNULL = YES;
				CLANG_ANALYZER_NUMBER_OBJECT_CONVERSION = YES_AGGRESSIVE;
				CLANG_CXX_LANGUAGE_STANDARD = "gnu++14";
				CLANG_CXX_LIBRARY = "libc++";
				CLANG_ENABLE_MODULES = YES;
				CLANG_ENABLE_OBJC_ARC = YES;
				CLANG_ENABLE_OBJC_WEAK = YES;
				CLANG_WARN_BLOCK_CAPTURE_AUTORELEASING = YES;
				CLANG_WARN_BOOL_CONVERSION = YES;
				CLANG_WARN_COMMA = YES;
				CLANG_WARN_CONSTANT_CONVERSION = YES;
				CLANG_WARN_DEPRECATED_OBJC_IMPLEMENTATIONS = YES;
				CLANG_WARN_DIRECT_OBJC_ISA_USAGE = YES_ERROR;
				CLANG_WARN_DOCUMENTATION_COMMENTS = YES;
				CLANG_WARN_EMPTY_BODY = YES;
				CLANG_WARN_ENUM_CONVERSION = YES;
				CLANG_WARN_INFINITE_RECURSION = YES;
				CLANG_WARN_INT_CONVERSION = YES;
				CLANG_WARN_NON_LITERAL_NULL_CONVERSION = YES;
				CLANG_WARN_OBJC_IMPLICIT_RETAIN_SELF = YES;
				CLANG_WARN_OBJC_LITERAL_CONVERSION = YES;
				CLANG_WARN_OBJC_ROOT_CLASS = YES_ERROR;
				CLANG_WARN_QUOTED_INCLUDE_IN_FRAMEWORK_HEADER = YES;
				CLANG_WARN_RANGE_LOOP_ANALYSIS = YES;
				CLANG_WARN_STRICT_PROTOTYPES = YES;
				CLANG_WARN_SUSPICIOUS_MOVE = YES;
				CLANG_WARN_UNGUARDED_AVAILABILITY = YES_AGGRESSIVE;
				CLANG_WARN_UNREACHABLE_CODE = YES;
				CLANG_WARN__DUPLICATE_METHOD_MATCH = YES;
				COPY_PHASE_STRIP = NO;
				DEBUG_INFORMATION_FORMAT = "dwarf-with-dsym";
				ENABLE_NS_ASSERTIONS = NO;
				ENABLE_STRICT_OBJC_MSGSEND = YES;
				GCC_C_LANGUAGE_STANDARD = gnu11;
				GCC_NO_COMMON_BLOCKS = YES;
				GCC_WARN_64_TO_32_BIT_CONVERSION = YES;
				GCC_WARN_ABOUT_RETURN_TYPE = YES_ERROR;
				GCC_WARN_UNDECLARED_SELECTOR = YES;
				GCC_WARN_UNINITIALIZED_AUTOS = YES_AGGRESSIVE;
				GCC_WARN_UNUSED_FUNCTION = YES;
				GCC_WARN_UNUSED_VARIABLE = YES;
				IPHONEOS_DEPLOYMENT_TARGET = 14.1;
				MTL_ENABLE_DEBUG_INFO = NO;
				MTL_FAST_MATH = YES;
				SDKROOT = iphoneos;
				SWIFT_COMPILATION_MODE = wholemodule;
				SWIFT_OPTIMIZATION_LEVEL = "-O";
				VALIDATE_PRODUCT = YES;
			};
			name = Release;
		};
		EE468CE625501AB3007A7941 /* Debug */ = {
			isa = XCBuildConfiguration;
			baseConfigurationReference = 2673AF2BB17F0108B088EC30 /* Pods-CountriesApp.debug.xcconfig */;
			buildSettings = {
				ASSETCATALOG_COMPILER_APPICON_NAME = AppIcon;
				ASSETCATALOG_COMPILER_GLOBAL_ACCENT_COLOR_NAME = AccentColor;
				CODE_SIGN_STYLE = Automatic;
				DEVELOPMENT_TEAM = 9DT65SS5ZB;
				INFOPLIST_FILE = CountriesApp/Support/Info.plist;
				IPHONEOS_DEPLOYMENT_TARGET = 13.0;
				LD_RUNPATH_SEARCH_PATHS = (
					"$(inherited)",
					"@executable_path/Frameworks",
				);
				PRODUCT_BUNDLE_IDENTIFIER = com.ArtemEmelianov.CountriesApp;
				PRODUCT_NAME = "$(TARGET_NAME)";
				SWIFT_VERSION = 5.0;
				TARGETED_DEVICE_FAMILY = 1;
			};
			name = Debug;
		};
		EE468CE725501AB3007A7941 /* Release */ = {
			isa = XCBuildConfiguration;
			baseConfigurationReference = B9D46B4B5BCFD947AF91B176 /* Pods-CountriesApp.release.xcconfig */;
			buildSettings = {
				ASSETCATALOG_COMPILER_APPICON_NAME = AppIcon;
				ASSETCATALOG_COMPILER_GLOBAL_ACCENT_COLOR_NAME = AccentColor;
				CODE_SIGN_STYLE = Automatic;
				DEVELOPMENT_TEAM = 9DT65SS5ZB;
				INFOPLIST_FILE = CountriesApp/Support/Info.plist;
				IPHONEOS_DEPLOYMENT_TARGET = 13.0;
				LD_RUNPATH_SEARCH_PATHS = (
					"$(inherited)",
					"@executable_path/Frameworks",
				);
				PRODUCT_BUNDLE_IDENTIFIER = com.ArtemEmelianov.CountriesApp;
				PRODUCT_NAME = "$(TARGET_NAME)";
				SWIFT_VERSION = 5.0;
				TARGETED_DEVICE_FAMILY = 1;
			};
			name = Release;
		};
/* End XCBuildConfiguration section */

/* Begin XCConfigurationList section */
		EE468CCC25501AB0007A7941 /* Build configuration list for PBXProject "CountriesApp" */ = {
			isa = XCConfigurationList;
			buildConfigurations = (
				EE468CE325501AB3007A7941 /* Debug */,
				EE468CE425501AB3007A7941 /* Release */,
			);
			defaultConfigurationIsVisible = 0;
			defaultConfigurationName = Release;
		};
		EE468CE525501AB3007A7941 /* Build configuration list for PBXNativeTarget "CountriesApp" */ = {
			isa = XCConfigurationList;
			buildConfigurations = (
				EE468CE625501AB3007A7941 /* Debug */,
				EE468CE725501AB3007A7941 /* Release */,
			);
			defaultConfigurationIsVisible = 0;
			defaultConfigurationName = Release;
		};
/* End XCConfigurationList section */
	};
	rootObject = EE468CC925501AB0007A7941 /* Project object */;
}
